// !$*UTF8*$!
{
	archiveVersion = 1;
	classes = {
	};
	objectVersion = 50;
	objects = {

/* Begin PBXBuildFile section */
		BD1A6491233DE1D500B05CC0 /* AppDelegate.swift in Sources */ = {isa = PBXBuildFile; fileRef = BD1A6490233DE1D500B05CC0 /* AppDelegate.swift */; };
		BD1A6493233DE1D500B05CC0 /* SceneDelegate.swift in Sources */ = {isa = PBXBuildFile; fileRef = BD1A6492233DE1D500B05CC0 /* SceneDelegate.swift */; };
		BD1A6495233DE1D500B05CC0 /* ViewController.swift in Sources */ = {isa = PBXBuildFile; fileRef = BD1A6494233DE1D500B05CC0 /* ViewController.swift */; };
		BD1A6498233DE1D500B05CC0 /* Main.storyboard in Resources */ = {isa = PBXBuildFile; fileRef = BD1A6496233DE1D500B05CC0 /* Main.storyboard */; };
		BD1A649D233DE1DB00B05CC0 /* LaunchScreen.storyboard in Resources */ = {isa = PBXBuildFile; fileRef = BD1A649B233DE1DB00B05CC0 /* LaunchScreen.storyboard */; };
		BD3CAFDA2340DBCC00A4F089 /* Configuration.swift in Sources */ = {isa = PBXBuildFile; fileRef = BD3CAFD92340DBCC00A4F089 /* Configuration.swift */; };
		BD4A5CEC234125E500CBD9DE /* ひらがな1024.png in Resources */ = {isa = PBXBuildFile; fileRef = BD4A5CEB234125E400CBD9DE /* ひらがな1024.png */; };
		BD4A5D112341298F00CBD9DE /* Assets.xcassets in Resources */ = {isa = PBXBuildFile; fileRef = BD4A5D102341298F00CBD9DE /* Assets.xcassets */; };
		BD51D57B233F1889004AFB32 /* KanaConverter.swift in Sources */ = {isa = PBXBuildFile; fileRef = BD51D57A233F1889004AFB32 /* KanaConverter.swift */; };
/* End PBXBuildFile section */

/* Begin PBXCopyFilesBuildPhase section */
		BD3CAFEF2340F8B000A4F089 /* Embed App Extensions */ = {
			isa = PBXCopyFilesBuildPhase;
			buildActionMask = 2147483647;
			dstPath = "";
			dstSubfolderSpec = 13;
			files = (
			);
			name = "Embed App Extensions";
			runOnlyForDeploymentPostprocessing = 0;
		};
/* End PBXCopyFilesBuildPhase section */

/* Begin PBXFileReference section */
		BD1A648D233DE1D500B05CC0 /* Hiragana.app */ = {isa = PBXFileReference; explicitFileType = wrapper.application; includeInIndex = 0; path = Hiragana.app; sourceTree = BUILT_PRODUCTS_DIR; };
		BD1A6490233DE1D500B05CC0 /* AppDelegate.swift */ = {isa = PBXFileReference; lastKnownFileType = sourcecode.swift; path = AppDelegate.swift; sourceTree = "<group>"; };
		BD1A6492233DE1D500B05CC0 /* SceneDelegate.swift */ = {isa = PBXFileReference; lastKnownFileType = sourcecode.swift; path = SceneDelegate.swift; sourceTree = "<group>"; };
		BD1A6494233DE1D500B05CC0 /* ViewController.swift */ = {isa = PBXFileReference; lastKnownFileType = sourcecode.swift; path = ViewController.swift; sourceTree = "<group>"; };
		BD1A6497233DE1D500B05CC0 /* Base */ = {isa = PBXFileReference; lastKnownFileType = file.storyboard; name = Base; path = Base.lproj/Main.storyboard; sourceTree = "<group>"; };
		BD1A649C233DE1DB00B05CC0 /* Base */ = {isa = PBXFileReference; lastKnownFileType = file.storyboard; name = Base; path = Base.lproj/LaunchScreen.storyboard; sourceTree = "<group>"; };
		BD1A649E233DE1DB00B05CC0 /* Info.plist */ = {isa = PBXFileReference; lastKnownFileType = text.plist.xml; path = Info.plist; sourceTree = "<group>"; };
		BD3CAFD92340DBCC00A4F089 /* Configuration.swift */ = {isa = PBXFileReference; lastKnownFileType = sourcecode.swift; path = Configuration.swift; sourceTree = "<group>"; };
		BD4A5CEB234125E400CBD9DE /* ひらがな1024.png */ = {isa = PBXFileReference; lastKnownFileType = image.png; name = "ひらがな1024.png"; path = "Hiragana/ひらがな1024.png"; sourceTree = "<group>"; };
		BD4A5D102341298F00CBD9DE /* Assets.xcassets */ = {isa = PBXFileReference; lastKnownFileType = folder.assetcatalog; name = Assets.xcassets; path = Hiragana/Assets.xcassets; sourceTree = "<group>"; };
		BD51D57A233F1889004AFB32 /* KanaConverter.swift */ = {isa = PBXFileReference; lastKnownFileType = sourcecode.swift; path = KanaConverter.swift; sourceTree = "<group>"; };
/* End PBXFileReference section */

/* Begin PBXFrameworksBuildPhase section */
		BD1A648A233DE1D500B05CC0 /* Frameworks */ = {
			isa = PBXFrameworksBuildPhase;
			buildActionMask = 2147483647;
			files = (
			);
			runOnlyForDeploymentPostprocessing = 0;
		};
/* End PBXFrameworksBuildPhase section */

/* Begin PBXGroup section */
		BD1A6484233DE1D500B05CC0 = {
			isa = PBXGroup;
			children = (
				BD1A648F233DE1D500B05CC0 /* Hiragana */,
				BD3CAFA02340837C00A4F089 /* SupportingFiles */,
				BD1A648E233DE1D500B05CC0 /* Products */,
			);
			sourceTree = "<group>";
		};
		BD1A648E233DE1D500B05CC0 /* Products */ = {
			isa = PBXGroup;
			children = (
				BD1A648D233DE1D500B05CC0 /* Hiragana.app */,
			);
			name = Products;
			sourceTree = "<group>";
		};
		BD1A648F233DE1D500B05CC0 /* Hiragana */ = {
			isa = PBXGroup;
			children = (
				BD1A649E233DE1DB00B05CC0 /* Info.plist */,
				BD1A64A4233DE2C000B05CC0 /* Model */,
				BD1A64A6233DE2D300B05CC0 /* View */,
				BD1A64A5233DE2C800B05CC0 /* Cotroller */,
			);
			path = Hiragana;
			sourceTree = "<group>";
		};
		BD1A64A4233DE2C000B05CC0 /* Model */ = {
			isa = PBXGroup;
			children = (
				BD3CAFD92340DBCC00A4F089 /* Configuration.swift */,
				BD51D57A233F1889004AFB32 /* KanaConverter.swift */,
			);
			name = Model;
			sourceTree = "<group>";
		};
		BD1A64A5233DE2C800B05CC0 /* Cotroller */ = {
			isa = PBXGroup;
			children = (
				BD1A6490233DE1D500B05CC0 /* AppDelegate.swift */,
				BD1A6492233DE1D500B05CC0 /* SceneDelegate.swift */,
				BD1A6494233DE1D500B05CC0 /* ViewController.swift */,
			);
			name = Cotroller;
			sourceTree = "<group>";
		};
		BD1A64A6233DE2D300B05CC0 /* View */ = {
			isa = PBXGroup;
			children = (
				BD1A6496233DE1D500B05CC0 /* Main.storyboard */,
				BD1A649B233DE1DB00B05CC0 /* LaunchScreen.storyboard */,
			);
			name = View;
			sourceTree = "<group>";
		};
		BD3CAFA02340837C00A4F089 /* SupportingFiles */ = {
			isa = PBXGroup;
			children = (
				BD4A5D102341298F00CBD9DE /* Assets.xcassets */,
				BD4A5CEB234125E400CBD9DE /* ひらがな1024.png */,
			);
			name = SupportingFiles;
			sourceTree = "<group>";
		};
/* End PBXGroup section */

/* Begin PBXNativeTarget section */
		BD1A648C233DE1D500B05CC0 /* Hiragana */ = {
			isa = PBXNativeTarget;
			buildConfigurationList = BD1A64A1233DE1DB00B05CC0 /* Build configuration list for PBXNativeTarget "Hiragana" */;
			buildPhases = (
				BD1A6489233DE1D500B05CC0 /* Sources */,
				BD1A648A233DE1D500B05CC0 /* Frameworks */,
				BD1A648B233DE1D500B05CC0 /* Resources */,
				BD3CAFEF2340F8B000A4F089 /* Embed App Extensions */,
			);
			buildRules = (
			);
			dependencies = (
			);
			name = Hiragana;
			productName = Hiragana;
			productReference = BD1A648D233DE1D500B05CC0 /* Hiragana.app */;
			productType = "com.apple.product-type.application";
		};
/* End PBXNativeTarget section */

/* Begin PBXProject section */
		BD1A6485233DE1D500B05CC0 /* Project object */ = {
			isa = PBXProject;
			attributes = {
				LastSwiftUpdateCheck = 1100;
				LastUpgradeCheck = 1100;
				ORGANIZATIONNAME = ntuf;
				TargetAttributes = {
					BD1A648C233DE1D500B05CC0 = {
						CreatedOnToolsVersion = 11.0;
					};
				};
			};
			buildConfigurationList = BD1A6488233DE1D500B05CC0 /* Build configuration list for PBXProject "Hiragana" */;
			compatibilityVersion = "Xcode 9.3";
			developmentRegion = en;
			hasScannedForEncodings = 0;
			knownRegions = (
				en,
				Base,
			);
			mainGroup = BD1A6484233DE1D500B05CC0;
			productRefGroup = BD1A648E233DE1D500B05CC0 /* Products */;
			projectDirPath = "";
			projectRoot = "";
			targets = (
				BD1A648C233DE1D500B05CC0 /* Hiragana */,
			);
		};
/* End PBXProject section */

/* Begin PBXResourcesBuildPhase section */
		BD1A648B233DE1D500B05CC0 /* Resources */ = {
			isa = PBXResourcesBuildPhase;
			buildActionMask = 2147483647;
			files = (
				BD4A5CEC234125E500CBD9DE /* ひらがな1024.png in Resources */,
				BD1A649D233DE1DB00B05CC0 /* LaunchScreen.storyboard in Resources */,
				BD1A6498233DE1D500B05CC0 /* Main.storyboard in Resources */,
				BD4A5D112341298F00CBD9DE /* Assets.xcassets in Resources */,
			);
			runOnlyForDeploymentPostprocessing = 0;
		};
/* End PBXResourcesBuildPhase section */

/* Begin PBXSourcesBuildPhase section */
		BD1A6489233DE1D500B05CC0 /* Sources */ = {
			isa = PBXSourcesBuildPhase;
			buildActionMask = 2147483647;
			files = (
				BD1A6495233DE1D500B05CC0 /* ViewController.swift in Sources */,
				BD3CAFDA2340DBCC00A4F089 /* Configuration.swift in Sources */,
				BD51D57B233F1889004AFB32 /* KanaConverter.swift in Sources */,
				BD1A6491233DE1D500B05CC0 /* AppDelegate.swift in Sources */,
				BD1A6493233DE1D500B05CC0 /* SceneDelegate.swift in Sources */,
			);
			runOnlyForDeploymentPostprocessing = 0;
		};
/* End PBXSourcesBuildPhase section */

/* Begin PBXVariantGroup section */
		BD1A6496233DE1D500B05CC0 /* Main.storyboard */ = {
			isa = PBXVariantGroup;
			children = (
				BD1A6497233DE1D500B05CC0 /* Base */,
			);
			name = Main.storyboard;
			sourceTree = "<group>";
		};
		BD1A649B233DE1DB00B05CC0 /* LaunchScreen.storyboard */ = {
			isa = PBXVariantGroup;
			children = (
				BD1A649C233DE1DB00B05CC0 /* Base */,
			);
			name = LaunchScreen.storyboard;
			sourceTree = "<group>";
		};
/* End PBXVariantGroup section */

/* Begin XCBuildConfiguration section */
		BD1A649F233DE1DB00B05CC0 /* Debug */ = {
			isa = XCBuildConfiguration;
			buildSettings = {
				ALWAYS_SEARCH_USER_PATHS = NO;
				CLANG_ANALYZER_NONNULL = YES;
				CLANG_ANALYZER_NUMBER_OBJECT_CONVERSION = YES_AGGRESSIVE;
				CLANG_CXX_LANGUAGE_STANDARD = "gnu++14";
				CLANG_CXX_LIBRARY = "libc++";
				CLANG_ENABLE_MODULES = YES;
				CLANG_ENABLE_OBJC_ARC = YES;
				CLANG_ENABLE_OBJC_WEAK = YES;
				CLANG_WARN_BLOCK_CAPTURE_AUTORELEASING = YES;
				CLANG_WARN_BOOL_CONVERSION = YES;
				CLANG_WARN_COMMA = YES;
				CLANG_WARN_CONSTANT_CONVERSION = YES;
				CLANG_WARN_DEPRECATED_OBJC_IMPLEMENTATIONS = YES;
				CLANG_WARN_DIRECT_OBJC_ISA_USAGE = YES_ERROR;
				CLANG_WARN_DOCUMENTATION_COMMENTS = YES;
				CLANG_WARN_EMPTY_BODY = YES;
				CLANG_WARN_ENUM_CONVERSION = YES;
				CLANG_WARN_INFINITE_RECURSION = YES;
				CLANG_WARN_INT_CONVERSION = YES;
				CLANG_WARN_NON_LITERAL_NULL_CONVERSION = YES;
				CLANG_WARN_OBJC_IMPLICIT_RETAIN_SELF = YES;
				CLANG_WARN_OBJC_LITERAL_CONVERSION = YES;
				CLANG_WARN_OBJC_ROOT_CLASS = YES_ERROR;
				CLANG_WARN_RANGE_LOOP_ANALYSIS = YES;
				CLANG_WARN_STRICT_PROTOTYPES = YES;
				CLANG_WARN_SUSPICIOUS_MOVE = YES;
				CLANG_WARN_UNGUARDED_AVAILABILITY = YES_AGGRESSIVE;
				CLANG_WARN_UNREACHABLE_CODE = YES;
				CLANG_WARN__DUPLICATE_METHOD_MATCH = YES;
				COPY_PHASE_STRIP = NO;
				DEBUG_INFORMATION_FORMAT = dwarf;
				ENABLE_STRICT_OBJC_MSGSEND = YES;
				ENABLE_TESTABILITY = YES;
				GCC_C_LANGUAGE_STANDARD = gnu11;
				GCC_DYNAMIC_NO_PIC = NO;
				GCC_NO_COMMON_BLOCKS = YES;
				GCC_OPTIMIZATION_LEVEL = 0;
				GCC_PREPROCESSOR_DEFINITIONS = (
					"DEBUG=1",
					"$(inherited)",
				);
				GCC_WARN_64_TO_32_BIT_CONVERSION = YES;
				GCC_WARN_ABOUT_RETURN_TYPE = YES_ERROR;
				GCC_WARN_UNDECLARED_SELECTOR = YES;
				GCC_WARN_UNINITIALIZED_AUTOS = YES_AGGRESSIVE;
				GCC_WARN_UNUSED_FUNCTION = YES;
				GCC_WARN_UNUSED_VARIABLE = YES;
				IPHONEOS_DEPLOYMENT_TARGET = 13.0;
				MTL_ENABLE_DEBUG_INFO = INCLUDE_SOURCE;
				MTL_FAST_MATH = YES;
				ONLY_ACTIVE_ARCH = YES;
				SDKROOT = iphoneos;
				SWIFT_ACTIVE_COMPILATION_CONDITIONS = DEBUG;
				SWIFT_OPTIMIZATION_LEVEL = "-Onone";
			};
			name = Debug;
		};
		BD1A64A0233DE1DB00B05CC0 /* Release */ = {
			isa = XCBuildConfiguration;
			buildSettings = {
				ALWAYS_SEARCH_USER_PATHS = NO;
				CLANG_ANALYZER_NONNULL = YES;
				CLANG_ANALYZER_NUMBER_OBJECT_CONVERSION = YES_AGGRESSIVE;
				CLANG_CXX_LANGUAGE_STANDARD = "gnu++14";
				CLANG_CXX_LIBRARY = "libc++";
				CLANG_ENABLE_MODULES = YES;
				CLANG_ENABLE_OBJC_ARC = YES;
				CLANG_ENABLE_OBJC_WEAK = YES;
				CLANG_WARN_BLOCK_CAPTURE_AUTORELEASING = YES;
				CLANG_WARN_BOOL_CONVERSION = YES;
				CLANG_WARN_COMMA = YES;
				CLANG_WARN_CONSTANT_CONVERSION = YES;
				CLANG_WARN_DEPRECATED_OBJC_IMPLEMENTATIONS = YES;
				CLANG_WARN_DIRECT_OBJC_ISA_USAGE = YES_ERROR;
				CLANG_WARN_DOCUMENTATION_COMMENTS = YES;
				CLANG_WARN_EMPTY_BODY = YES;
				CLANG_WARN_ENUM_CONVERSION = YES;
				CLANG_WARN_INFINITE_RECURSION = YES;
				CLANG_WARN_INT_CONVERSION = YES;
				CLANG_WARN_NON_LITERAL_NULL_CONVERSION = YES;
				CLANG_WARN_OBJC_IMPLICIT_RETAIN_SELF = YES;
				CLANG_WARN_OBJC_LITERAL_CONVERSION = YES;
				CLANG_WARN_OBJC_ROOT_CLASS = YES_ERROR;
				CLANG_WARN_RANGE_LOOP_ANALYSIS = YES;
				CLANG_WARN_STRICT_PROTOTYPES = YES;
				CLANG_WARN_SUSPICIOUS_MOVE = YES;
				CLANG_WARN_UNGUARDED_AVAILABILITY = YES_AGGRESSIVE;
				CLANG_WARN_UNREACHABLE_CODE = YES;
				CLANG_WARN__DUPLICATE_METHOD_MATCH = YES;
				COPY_PHASE_STRIP = NO;
				DEBUG_INFORMATION_FORMAT = "dwarf-with-dsym";
				ENABLE_NS_ASSERTIONS = NO;
				ENABLE_STRICT_OBJC_MSGSEND = YES;
				GCC_C_LANGUAGE_STANDARD = gnu11;
				GCC_NO_COMMON_BLOCKS = YES;
				GCC_WARN_64_TO_32_BIT_CONVERSION = YES;
				GCC_WARN_ABOUT_RETURN_TYPE = YES_ERROR;
				GCC_WARN_UNDECLARED_SELECTOR = YES;
				GCC_WARN_UNINITIALIZED_AUTOS = YES_AGGRESSIVE;
				GCC_WARN_UNUSED_FUNCTION = YES;
				GCC_WARN_UNUSED_VARIABLE = YES;
				IPHONEOS_DEPLOYMENT_TARGET = 13.0;
				MTL_ENABLE_DEBUG_INFO = NO;
				MTL_FAST_MATH = YES;
				SDKROOT = iphoneos;
				SWIFT_COMPILATION_MODE = wholemodule;
				SWIFT_OPTIMIZATION_LEVEL = "-O";
				VALIDATE_PRODUCT = YES;
			};
			name = Release;
		};
		BD1A64A2233DE1DB00B05CC0 /* Debug */ = {
			isa = XCBuildConfiguration;
			buildSettings = {
				ALWAYS_EMBED_SWIFT_STANDARD_LIBRARIES = YES;
				ASSETCATALOG_COMPILER_APPICON_NAME = AppIcon;
				CODE_SIGN_STYLE = Automatic;
				DEVELOPMENT_TEAM = C347936V56;
				GOO_LABS_API_APP_ID = "";
				GOO_LABS_API_HIRAGANA_URL = "https://labs.goo.ne.jp/api/hiragana";
				INFOPLIST_FILE = Hiragana/Info.plist;
				LD_RUNPATH_SEARCH_PATHS = (
					"$(inherited)",
					"@executable_path/Frameworks",
				);
				PRODUCT_BUNDLE_IDENTIFIER = jp.ntuf.Hiragana;
				PRODUCT_NAME = "$(TARGET_NAME)";
				SWIFT_VERSION = 5.0;
				TARGETED_DEVICE_FAMILY = "1,2";
			};
			name = Debug;
		};
		BD1A64A3233DE1DB00B05CC0 /* Release */ = {
			isa = XCBuildConfiguration;
			buildSettings = {
				ALWAYS_EMBED_SWIFT_STANDARD_LIBRARIES = YES;
				ASSETCATALOG_COMPILER_APPICON_NAME = AppIcon;
				CODE_SIGN_STYLE = Automatic;
				DEVELOPMENT_TEAM = C347936V56;
				GOO_LABS_API_APP_ID = "";
				GOO_LABS_API_HIRAGANA_URL = "https://labs.goo.ne.jp/api/hiragana";
				INFOPLIST_FILE = Hiragana/Info.plist;
				LD_RUNPATH_SEARCH_PATHS = (
					"$(inherited)",
					"@executable_path/Frameworks",
				);
				PRODUCT_BUNDLE_IDENTIFIER = jp.ntuf.Hiragana;
				PRODUCT_NAME = "$(TARGET_NAME)";
				SWIFT_VERSION = 5.0;
				TARGETED_DEVICE_FAMILY = "1,2";
			};
			name = Release;
		};
/* End XCBuildConfiguration section */

/* Begin XCConfigurationList section */
		BD1A6488233DE1D500B05CC0 /* Build configuration list for PBXProject "Hiragana" */ = {
			isa = XCConfigurationList;
			buildConfigurations = (
				BD1A649F233DE1DB00B05CC0 /* Debug */,
				BD1A64A0233DE1DB00B05CC0 /* Release */,
			);
			defaultConfigurationIsVisible = 0;
			defaultConfigurationName = Release;
		};
		BD1A64A1233DE1DB00B05CC0 /* Build configuration list for PBXNativeTarget "Hiragana" */ = {
			isa = XCConfigurationList;
			buildConfigurations = (
				BD1A64A2233DE1DB00B05CC0 /* Debug */,
				BD1A64A3233DE1DB00B05CC0 /* Release */,
			);
			defaultConfigurationIsVisible = 0;
			defaultConfigurationName = Release;
		};
/* End XCConfigurationList section */
	};
	rootObject = BD1A6485233DE1D500B05CC0 /* Project object */;
}
